
Microsoft Visual Studio Solution File, Format Version 12.00
# Visual Studio 15
VisualStudioVersion = 15.0.27428.2002
MinimumVisualStudioVersion = 10.0.40219.1
Project("{FAE04EC0-301F-11D3-BF4B-00C04F79EFBC}") = "findRange", "findRange\findRange.csproj", "{1E967F0D-2AC8-4DA0-944C-075189FB7EC2}"
EndProject
Global
	GlobalSection(SolutionConfigurationPlatforms) = preSolution
		Debug|Any CPU = Debug|Any CPU
		Release|Any CPU = Release|Any CPU
	EndGlobalSection
	GlobalSection(ProjectConfigurationPlatforms) = postSolution
		{1E967F0D-2AC8-4DA0-944C-075189FB7EC2}.Debug|Any CPU.ActiveCfg = Debug|Any CPU
		{1E967F0D-2AC8-4DA0-944C-075189FB7EC2}.Debug|Any CPU.Build.0 = Debug|Any CPU
		{1E967F0D-2AC8-4DA0-944C-075189FB7EC2}.Release|Any CPU.ActiveCfg = Release|Any CPU
		{1E967F0D-2AC8-4DA0-944C-075189FB7EC2}.Release|Any CPU.Build.0 = Release|Any CPU
	EndGlobalSection
	GlobalSection(SolutionProperties) = preSolution
		HideSolutionNode = FALSE
	EndGlobalSection
	GlobalSection(ExtensibilityGlobals) = postSolution
		SolutionGuid = {B54329CC-4535-484D-943D-DF40BCA84F9B}
	EndGlobalSection
EndGlobal
